// !$*UTF8*$!
{
	archiveVersion = 1;
	classes = {
	};
	objectVersion = 48;
	objects = {

/* Begin PBXBuildFile section */
		8E034E3620473EA9004FBD5F /* Question.swift in Sources */ = {isa = PBXBuildFile; fileRef = 8E034E3520473EA9004FBD5F /* Question.swift */; };
		8E034E3F20480539004FBD5F /* MenuViewController.swift in Sources */ = {isa = PBXBuildFile; fileRef = 8E034E3E20480539004FBD5F /* MenuViewController.swift */; };
		8E034E4120480AF6004FBD5F /* InstructionViewController.swift in Sources */ = {isa = PBXBuildFile; fileRef = 8E034E4020480AF6004FBD5F /* InstructionViewController.swift */; };
		8E1F3607204C75F1007168E7 /* GoogleService-Info.plist in Resources */ = {isa = PBXBuildFile; fileRef = 8E1F3606204C75F1007168E7 /* GoogleService-Info.plist */; };
		8E1F3609204DC816007168E7 /* ResultsViewController.swift in Sources */ = {isa = PBXBuildFile; fileRef = 8E1F3608204DC816007168E7 /* ResultsViewController.swift */; };
		8E1F360B204DC83A007168E7 /* GameOverViewController.swift in Sources */ = {isa = PBXBuildFile; fileRef = 8E1F360A204DC83A007168E7 /* GameOverViewController.swift */; };
		8E5EB1AA20470FD8002EFA44 /* AppDelegate.swift in Sources */ = {isa = PBXBuildFile; fileRef = 8E5EB1A920470FD8002EFA44 /* AppDelegate.swift */; };
		8E5EB1AC20470FD8002EFA44 /* GameViewController.swift in Sources */ = {isa = PBXBuildFile; fileRef = 8E5EB1AB20470FD8002EFA44 /* GameViewController.swift */; };
		8E5EB1AF20470FD8002EFA44 /* Main.storyboard in Resources */ = {isa = PBXBuildFile; fileRef = 8E5EB1AD20470FD8002EFA44 /* Main.storyboard */; };
		8E5EB1B420470FD8002EFA44 /* Assets.xcassets in Resources */ = {isa = PBXBuildFile; fileRef = 8E5EB1B320470FD8002EFA44 /* Assets.xcassets */; };
		8E5EB1B720470FD8002EFA44 /* LaunchScreen.storyboard in Resources */ = {isa = PBXBuildFile; fileRef = 8E5EB1B520470FD8002EFA44 /* LaunchScreen.storyboard */; };
		8EDB8AEB204DF88E00115FD5 /* Result.swift in Sources */ = {isa = PBXBuildFile; fileRef = 8EDB8AEA204DF88E00115FD5 /* Result.swift */; };
		B07F603F4031422C3B5DA50A /* Pods_Milionerzy.framework in Frameworks */ = {isa = PBXBuildFile; fileRef = 0EA5A8D38BDA448A695CC883 /* Pods_Milionerzy.framework */; };
/* End PBXBuildFile section */

/* Begin PBXFileReference section */
		01F3A955F14F4CA644D73B79 /* Pods-Milionerzy.debug.xcconfig */ = {isa = PBXFileReference; includeInIndex = 1; lastKnownFileType = text.xcconfig; name = "Pods-Milionerzy.debug.xcconfig"; path = "Pods/Target Support Files/Pods-Milionerzy/Pods-Milionerzy.debug.xcconfig"; sourceTree = "<group>"; };
		0EA5A8D38BDA448A695CC883 /* Pods_Milionerzy.framework */ = {isa = PBXFileReference; explicitFileType = wrapper.framework; includeInIndex = 0; path = Pods_Milionerzy.framework; sourceTree = BUILT_PRODUCTS_DIR; };
		8E034E3520473EA9004FBD5F /* Question.swift */ = {isa = PBXFileReference; lastKnownFileType = sourcecode.swift; path = Question.swift; sourceTree = "<group>"; };
		8E034E3E20480539004FBD5F /* MenuViewController.swift */ = {isa = PBXFileReference; lastKnownFileType = sourcecode.swift; path = MenuViewController.swift; sourceTree = "<group>"; };
		8E034E4020480AF6004FBD5F /* InstructionViewController.swift */ = {isa = PBXFileReference; lastKnownFileType = sourcecode.swift; path = InstructionViewController.swift; sourceTree = "<group>"; };
		8E1F3606204C75F1007168E7 /* GoogleService-Info.plist */ = {isa = PBXFileReference; fileEncoding = 4; lastKnownFileType = text.plist.xml; path = "GoogleService-Info.plist"; sourceTree = "<group>"; };
		8E1F3608204DC816007168E7 /* ResultsViewController.swift */ = {isa = PBXFileReference; lastKnownFileType = sourcecode.swift; path = ResultsViewController.swift; sourceTree = "<group>"; };
		8E1F360A204DC83A007168E7 /* GameOverViewController.swift */ = {isa = PBXFileReference; lastKnownFileType = sourcecode.swift; path = GameOverViewController.swift; sourceTree = "<group>"; };
		8E5EB1A620470FD8002EFA44 /* Milionerzy.app */ = {isa = PBXFileReference; explicitFileType = wrapper.application; includeInIndex = 0; path = Milionerzy.app; sourceTree = BUILT_PRODUCTS_DIR; };
		8E5EB1A920470FD8002EFA44 /* AppDelegate.swift */ = {isa = PBXFileReference; lastKnownFileType = sourcecode.swift; path = AppDelegate.swift; sourceTree = "<group>"; };
		8E5EB1AB20470FD8002EFA44 /* GameViewController.swift */ = {isa = PBXFileReference; lastKnownFileType = sourcecode.swift; path = GameViewController.swift; sourceTree = "<group>"; };
		8E5EB1AE20470FD8002EFA44 /* Base */ = {isa = PBXFileReference; lastKnownFileType = file.storyboard; name = Base; path = Base.lproj/Main.storyboard; sourceTree = "<group>"; };
		8E5EB1B320470FD8002EFA44 /* Assets.xcassets */ = {isa = PBXFileReference; lastKnownFileType = folder.assetcatalog; path = Assets.xcassets; sourceTree = "<group>"; };
		8E5EB1B620470FD8002EFA44 /* Base */ = {isa = PBXFileReference; lastKnownFileType = file.storyboard; name = Base; path = Base.lproj/LaunchScreen.storyboard; sourceTree = "<group>"; };
		8E5EB1B820470FD8002EFA44 /* Info.plist */ = {isa = PBXFileReference; lastKnownFileType = text.plist.xml; path = Info.plist; sourceTree = "<group>"; };
		8EDB8AEA204DF88E00115FD5 /* Result.swift */ = {isa = PBXFileReference; lastKnownFileType = sourcecode.swift; path = Result.swift; sourceTree = "<group>"; };
		B425BD53A276A948AE5DD6BD /* Pods-Milionerzy.release.xcconfig */ = {isa = PBXFileReference; includeInIndex = 1; lastKnownFileType = text.xcconfig; name = "Pods-Milionerzy.release.xcconfig"; path = "Pods/Target Support Files/Pods-Milionerzy/Pods-Milionerzy.release.xcconfig"; sourceTree = "<group>"; };
/* End PBXFileReference section */

/* Begin PBXFrameworksBuildPhase section */
		8E5EB1A320470FD8002EFA44 /* Frameworks */ = {
			isa = PBXFrameworksBuildPhase;
			buildActionMask = 2147483647;
			files = (
				B07F603F4031422C3B5DA50A /* Pods_Milionerzy.framework in Frameworks */,
			);
			runOnlyForDeploymentPostprocessing = 0;
		};
/* End PBXFrameworksBuildPhase section */

/* Begin PBXGroup section */
		1D12FFC58BA17C53FE89874E /* Frameworks */ = {
			isa = PBXGroup;
			children = (
				0EA5A8D38BDA448A695CC883 /* Pods_Milionerzy.framework */,
			);
			name = Frameworks;
			sourceTree = "<group>";
		};
		3271DA2DE868F22F4779194B /* Pods */ = {
			isa = PBXGroup;
			children = (
				01F3A955F14F4CA644D73B79 /* Pods-Milionerzy.debug.xcconfig */,
				B425BD53A276A948AE5DD6BD /* Pods-Milionerzy.release.xcconfig */,
			);
			name = Pods;
			sourceTree = "<group>";
		};
		8E1F3605204C753B007168E7 /* Supporting Files */ = {
			isa = PBXGroup;
			children = (
				8E1F3606204C75F1007168E7 /* GoogleService-Info.plist */,
			);
			path = "Supporting Files";
			sourceTree = "<group>";
		};
		8E5EB19D20470FD8002EFA44 = {
			isa = PBXGroup;
			children = (
				8E5EB1A820470FD8002EFA44 /* Milionerzy */,
				8E5EB1A720470FD8002EFA44 /* Products */,
				3271DA2DE868F22F4779194B /* Pods */,
				1D12FFC58BA17C53FE89874E /* Frameworks */,
			);
			sourceTree = "<group>";
		};
		8E5EB1A720470FD8002EFA44 /* Products */ = {
			isa = PBXGroup;
			children = (
				8E5EB1A620470FD8002EFA44 /* Milionerzy.app */,
			);
			name = Products;
			sourceTree = "<group>";
		};
		8E5EB1A820470FD8002EFA44 /* Milionerzy */ = {
			isa = PBXGroup;
			children = (
				8E5EB1A920470FD8002EFA44 /* AppDelegate.swift */,
				8E5EB1B820470FD8002EFA44 /* Info.plist */,
				8E5EB1C020471007002EFA44 /* Model */,
				8E5EB1BF20470FF6002EFA44 /* View */,
				8E5EB1BE20470FE7002EFA44 /* Controller */,
				8E5EB1B320470FD8002EFA44 /* Assets.xcassets */,
				8E1F3605204C753B007168E7 /* Supporting Files */,
			);
			path = Milionerzy;
			sourceTree = "<group>";
		};
		8E5EB1BE20470FE7002EFA44 /* Controller */ = {
			isa = PBXGroup;
			children = (
				8E034E3E20480539004FBD5F /* MenuViewController.swift */,
				8E034E4020480AF6004FBD5F /* InstructionViewController.swift */,
				8E1F3608204DC816007168E7 /* ResultsViewController.swift */,
				8E5EB1AB20470FD8002EFA44 /* GameViewController.swift */,
				8E1F360A204DC83A007168E7 /* GameOverViewController.swift */,
			);
			path = Controller;
			sourceTree = "<group>";
		};
		8E5EB1BF20470FF6002EFA44 /* View */ = {
			isa = PBXGroup;
			children = (
				8E5EB1B520470FD8002EFA44 /* LaunchScreen.storyboard */,
				8E5EB1AD20470FD8002EFA44 /* Main.storyboard */,
			);
			path = View;
			sourceTree = "<group>";
		};
		8E5EB1C020471007002EFA44 /* Model */ = {
			isa = PBXGroup;
			children = (
				8E034E3520473EA9004FBD5F /* Question.swift */,
				8EDB8AEA204DF88E00115FD5 /* Result.swift */,
			);
			path = Model;
			sourceTree = "<group>";
		};
/* End PBXGroup section */

/* Begin PBXNativeTarget section */
		8E5EB1A520470FD8002EFA44 /* Milionerzy */ = {
			isa = PBXNativeTarget;
			buildConfigurationList = 8E5EB1BB20470FD8002EFA44 /* Build configuration list for PBXNativeTarget "Milionerzy" */;
			buildPhases = (
				F1072B2B56C2D4136F3F52B8 /* [CP] Check Pods Manifest.lock */,
				8E5EB1A220470FD8002EFA44 /* Sources */,
				8E5EB1A320470FD8002EFA44 /* Frameworks */,
				8E5EB1A420470FD8002EFA44 /* Resources */,
				CB68FE2403949FDAF9E82103 /* [CP] Embed Pods Frameworks */,
				73BC1C0800B4C1CDE2E343B3 /* [CP] Copy Pods Resources */,
			);
			buildRules = (
			);
			dependencies = (
			);
			name = Milionerzy;
			productName = Milionerzy;
			productReference = 8E5EB1A620470FD8002EFA44 /* Milionerzy.app */;
			productType = "com.apple.product-type.application";
		};
/* End PBXNativeTarget section */

/* Begin PBXProject section */
		8E5EB19E20470FD8002EFA44 /* Project object */ = {
			isa = PBXProject;
			attributes = {
				LastSwiftUpdateCheck = 0920;
				LastUpgradeCheck = 0920;
				ORGANIZATIONNAME = "Kamil Chmiel";
				TargetAttributes = {
					8E5EB1A520470FD8002EFA44 = {
						CreatedOnToolsVersion = 9.2;
						ProvisioningStyle = Automatic;
					};
				};
			};
			buildConfigurationList = 8E5EB1A120470FD8002EFA44 /* Build configuration list for PBXProject "Milionerzy" */;
			compatibilityVersion = "Xcode 8.0";
			developmentRegion = en;
			hasScannedForEncodings = 0;
			knownRegions = (
				en,
				Base,
			);
			mainGroup = 8E5EB19D20470FD8002EFA44;
			productRefGroup = 8E5EB1A720470FD8002EFA44 /* Products */;
			projectDirPath = "";
			projectRoot = "";
			targets = (
				8E5EB1A520470FD8002EFA44 /* Milionerzy */,
			);
		};
/* End PBXProject section */

/* Begin PBXResourcesBuildPhase section */
		8E5EB1A420470FD8002EFA44 /* Resources */ = {
			isa = PBXResourcesBuildPhase;
			buildActionMask = 2147483647;
			files = (
				8E5EB1B720470FD8002EFA44 /* LaunchScreen.storyboard in Resources */,
				8E5EB1B420470FD8002EFA44 /* Assets.xcassets in Resources */,
				8E5EB1AF20470FD8002EFA44 /* Main.storyboard in Resources */,
				8E1F3607204C75F1007168E7 /* GoogleService-Info.plist in Resources */,
			);
			runOnlyForDeploymentPostprocessing = 0;
		};
/* End PBXResourcesBuildPhase section */

/* Begin PBXShellScriptBuildPhase section */
		73BC1C0800B4C1CDE2E343B3 /* [CP] Copy Pods Resources */ = {
			isa = PBXShellScriptBuildPhase;
			buildActionMask = 2147483647;
			files = (
			);
			inputPaths = (
			);
			name = "[CP] Copy Pods Resources";
			outputPaths = (
			);
			runOnlyForDeploymentPostprocessing = 0;
			shellPath = /bin/sh;
			shellScript = "\"${SRCROOT}/Pods/Target Support Files/Pods-Milionerzy/Pods-Milionerzy-resources.sh\"\n";
			showEnvVarsInLog = 0;
		};
		CB68FE2403949FDAF9E82103 /* [CP] Embed Pods Frameworks */ = {
			isa = PBXShellScriptBuildPhase;
			buildActionMask = 2147483647;
			files = (
			);
			inputPaths = (
				"${SRCROOT}/Pods/Target Support Files/Pods-Milionerzy/Pods-Milionerzy-frameworks.sh",
				"${BUILT_PRODUCTS_DIR}/GTMSessionFetcher/GTMSessionFetcher.framework",
				"${BUILT_PRODUCTS_DIR}/GoogleToolboxForMac/GoogleToolboxForMac.framework",
				"${BUILT_PRODUCTS_DIR}/leveldb-library/leveldb.framework",
				"${BUILT_PRODUCTS_DIR}/nanopb/nanopb.framework",
			);
			name = "[CP] Embed Pods Frameworks";
			outputPaths = (
				"${TARGET_BUILD_DIR}/${FRAMEWORKS_FOLDER_PATH}/GTMSessionFetcher.framework",
				"${TARGET_BUILD_DIR}/${FRAMEWORKS_FOLDER_PATH}/GoogleToolboxForMac.framework",
				"${TARGET_BUILD_DIR}/${FRAMEWORKS_FOLDER_PATH}/leveldb.framework",
				"${TARGET_BUILD_DIR}/${FRAMEWORKS_FOLDER_PATH}/nanopb.framework",
			);
			runOnlyForDeploymentPostprocessing = 0;
			shellPath = /bin/sh;
			shellScript = "\"${SRCROOT}/Pods/Target Support Files/Pods-Milionerzy/Pods-Milionerzy-frameworks.sh\"\n";
			showEnvVarsInLog = 0;
		};
		F1072B2B56C2D4136F3F52B8 /* [CP] Check Pods Manifest.lock */ = {
			isa = PBXShellScriptBuildPhase;
			buildActionMask = 2147483647;
			files = (
			);
			inputPaths = (
				"${PODS_PODFILE_DIR_PATH}/Podfile.lock",
				"${PODS_ROOT}/Manifest.lock",
			);
			name = "[CP] Check Pods Manifest.lock";
			outputPaths = (
				"$(DERIVED_FILE_DIR)/Pods-Milionerzy-checkManifestLockResult.txt",
			);
			runOnlyForDeploymentPostprocessing = 0;
			shellPath = /bin/sh;
			shellScript = "diff \"${PODS_PODFILE_DIR_PATH}/Podfile.lock\" \"${PODS_ROOT}/Manifest.lock\" > /dev/null\nif [ $? != 0 ] ; then\n    # print error to STDERR\n    echo \"error: The sandbox is not in sync with the Podfile.lock. Run 'pod install' or update your CocoaPods installation.\" >&2\n    exit 1\nfi\n# This output is used by Xcode 'outputs' to avoid re-running this script phase.\necho \"SUCCESS\" > \"${SCRIPT_OUTPUT_FILE_0}\"\n";
			showEnvVarsInLog = 0;
		};
/* End PBXShellScriptBuildPhase section */

/* Begin PBXSourcesBuildPhase section */
		8E5EB1A220470FD8002EFA44 /* Sources */ = {
			isa = PBXSourcesBuildPhase;
			buildActionMask = 2147483647;
			files = (
				8E034E3620473EA9004FBD5F /* Question.swift in Sources */,
				8E034E3F20480539004FBD5F /* MenuViewController.swift in Sources */,
				8E5EB1AC20470FD8002EFA44 /* GameViewController.swift in Sources */,
				8E5EB1AA20470FD8002EFA44 /* AppDelegate.swift in Sources */,
				8E1F360B204DC83A007168E7 /* GameOverViewController.swift in Sources */,
				8E034E4120480AF6004FBD5F /* InstructionViewController.swift in Sources */,
				8EDB8AEB204DF88E00115FD5 /* Result.swift in Sources */,
				8E1F3609204DC816007168E7 /* ResultsViewController.swift in Sources */,
			);
			runOnlyForDeploymentPostprocessing = 0;
		};
/* End PBXSourcesBuildPhase section */

/* Begin PBXVariantGroup section */
		8E5EB1AD20470FD8002EFA44 /* Main.storyboard */ = {
			isa = PBXVariantGroup;
			children = (
				8E5EB1AE20470FD8002EFA44 /* Base */,
			);
			name = Main.storyboard;
			sourceTree = "<group>";
		};
		8E5EB1B520470FD8002EFA44 /* LaunchScreen.storyboard */ = {
			isa = PBXVariantGroup;
			children = (
				8E5EB1B620470FD8002EFA44 /* Base */,
			);
			name = LaunchScreen.storyboard;
			sourceTree = "<group>";
		};
/* End PBXVariantGroup section */

/* Begin XCBuildConfiguration section */
		8E5EB1B920470FD8002EFA44 /* Debug */ = {
			isa = XCBuildConfiguration;
			buildSettings = {
				ALWAYS_SEARCH_USER_PATHS = NO;
				CLANG_ANALYZER_NONNULL = YES;
				CLANG_ANALYZER_NUMBER_OBJECT_CONVERSION = YES_AGGRESSIVE;
				CLANG_CXX_LANGUAGE_STANDARD = "gnu++14";
				CLANG_CXX_LIBRARY = "libc++";
				CLANG_ENABLE_MODULES = YES;
				CLANG_ENABLE_OBJC_ARC = YES;
				CLANG_WARN_BLOCK_CAPTURE_AUTORELEASING = YES;
				CLANG_WARN_BOOL_CONVERSION = YES;
				CLANG_WARN_COMMA = YES;
				CLANG_WARN_CONSTANT_CONVERSION = YES;
				CLANG_WARN_DIRECT_OBJC_ISA_USAGE = YES_ERROR;
				CLANG_WARN_DOCUMENTATION_COMMENTS = YES;
				CLANG_WARN_EMPTY_BODY = YES;
				CLANG_WARN_ENUM_CONVERSION = YES;
				CLANG_WARN_INFINITE_RECURSION = YES;
				CLANG_WARN_INT_CONVERSION = YES;
				CLANG_WARN_NON_LITERAL_NULL_CONVERSION = YES;
				CLANG_WARN_OBJC_LITERAL_CONVERSION = YES;
				CLANG_WARN_OBJC_ROOT_CLASS = YES_ERROR;
				CLANG_WARN_RANGE_LOOP_ANALYSIS = YES;
				CLANG_WARN_STRICT_PROTOTYPES = YES;
				CLANG_WARN_SUSPICIOUS_MOVE = YES;
				CLANG_WARN_UNGUARDED_AVAILABILITY = YES_AGGRESSIVE;
				CLANG_WARN_UNREACHABLE_CODE = YES;
				CLANG_WARN__DUPLICATE_METHOD_MATCH = YES;
				CODE_SIGN_IDENTITY = "iPhone Developer";
				COPY_PHASE_STRIP = NO;
				DEBUG_INFORMATION_FORMAT = dwarf;
				ENABLE_STRICT_OBJC_MSGSEND = YES;
				ENABLE_TESTABILITY = YES;
				GCC_C_LANGUAGE_STANDARD = gnu11;
				GCC_DYNAMIC_NO_PIC = NO;
				GCC_NO_COMMON_BLOCKS = YES;
				GCC_OPTIMIZATION_LEVEL = 0;
				GCC_PREPROCESSOR_DEFINITIONS = (
					"DEBUG=1",
					"$(inherited)",
				);
				GCC_WARN_64_TO_32_BIT_CONVERSION = YES;
				GCC_WARN_ABOUT_RETURN_TYPE = YES_ERROR;
				GCC_WARN_UNDECLARED_SELECTOR = YES;
				GCC_WARN_UNINITIALIZED_AUTOS = YES_AGGRESSIVE;
				GCC_WARN_UNUSED_FUNCTION = YES;
				GCC_WARN_UNUSED_VARIABLE = YES;
				IPHONEOS_DEPLOYMENT_TARGET = 11.2;
				MTL_ENABLE_DEBUG_INFO = YES;
				ONLY_ACTIVE_ARCH = YES;
				SDKROOT = iphoneos;
				SWIFT_ACTIVE_COMPILATION_CONDITIONS = DEBUG;
				SWIFT_OPTIMIZATION_LEVEL = "-Onone";
			};
			name = Debug;
		};
		8E5EB1BA20470FD8002EFA44 /* Release */ = {
			isa = XCBuildConfiguration;
			buildSettings = {
				ALWAYS_SEARCH_USER_PATHS = NO;
				CLANG_ANALYZER_NONNULL = YES;
				CLANG_ANALYZER_NUMBER_OBJECT_CONVERSION = YES_AGGRESSIVE;
				CLANG_CXX_LANGUAGE_STANDARD = "gnu++14";
				CLANG_CXX_LIBRARY = "libc++";
				CLANG_ENABLE_MODULES = YES;
				CLANG_ENABLE_OBJC_ARC = YES;
				CLANG_WARN_BLOCK_CAPTURE_AUTORELEASING = YES;
				CLANG_WARN_BOOL_CONVERSION = YES;
				CLANG_WARN_COMMA = YES;
				CLANG_WARN_CONSTANT_CONVERSION = YES;
				CLANG_WARN_DIRECT_OBJC_ISA_USAGE = YES_ERROR;
				CLANG_WARN_DOCUMENTATION_COMMENTS = YES;
				CLANG_WARN_EMPTY_BODY = YES;
				CLANG_WARN_ENUM_CONVERSION = YES;
				CLANG_WARN_INFINITE_RECURSION = YES;
				CLANG_WARN_INT_CONVERSION = YES;
				CLANG_WARN_NON_LITERAL_NULL_CONVERSION = YES;
				CLANG_WARN_OBJC_LITERAL_CONVERSION = YES;
				CLANG_WARN_OBJC_ROOT_CLASS = YES_ERROR;
				CLANG_WARN_RANGE_LOOP_ANALYSIS = YES;
				CLANG_WARN_STRICT_PROTOTYPES = YES;
				CLANG_WARN_SUSPICIOUS_MOVE = YES;
				CLANG_WARN_UNGUARDED_AVAILABILITY = YES_AGGRESSIVE;
				CLANG_WARN_UNREACHABLE_CODE = YES;
				CLANG_WARN__DUPLICATE_METHOD_MATCH = YES;
				CODE_SIGN_IDENTITY = "iPhone Developer";
				COPY_PHASE_STRIP = NO;
				DEBUG_INFORMATION_FORMAT = "dwarf-with-dsym";
				ENABLE_NS_ASSERTIONS = NO;
				ENABLE_STRICT_OBJC_MSGSEND = YES;
				GCC_C_LANGUAGE_STANDARD = gnu11;
				GCC_NO_COMMON_BLOCKS = YES;
				GCC_WARN_64_TO_32_BIT_CONVERSION = YES;
				GCC_WARN_ABOUT_RETURN_TYPE = YES_ERROR;
				GCC_WARN_UNDECLARED_SELECTOR = YES;
				GCC_WARN_UNINITIALIZED_AUTOS = YES_AGGRESSIVE;
				GCC_WARN_UNUSED_FUNCTION = YES;
				GCC_WARN_UNUSED_VARIABLE = YES;
				IPHONEOS_DEPLOYMENT_TARGET = 11.2;
				MTL_ENABLE_DEBUG_INFO = NO;
				SDKROOT = iphoneos;
				SWIFT_OPTIMIZATION_LEVEL = "-Owholemodule";
				VALIDATE_PRODUCT = YES;
			};
			name = Release;
		};
		8E5EB1BC20470FD8002EFA44 /* Debug */ = {
			isa = XCBuildConfiguration;
			baseConfigurationReference = 01F3A955F14F4CA644D73B79 /* Pods-Milionerzy.debug.xcconfig */;
			buildSettings = {
				ASSETCATALOG_COMPILER_APPICON_NAME = AppIcon;
				CODE_SIGN_STYLE = Automatic;
				DEVELOPMENT_TEAM = Z3FC4L557V;
				INFOPLIST_FILE = Milionerzy/Info.plist;
				LD_RUNPATH_SEARCH_PATHS = "$(inherited) @executable_path/Frameworks";
				PRODUCT_BUNDLE_IDENTIFIER = com.limitlessapps.Milionerzy;
				PRODUCT_NAME = "$(TARGET_NAME)";
				SWIFT_VERSION = 4.0;
				TARGETED_DEVICE_FAMILY = "1,2";
			};
			name = Debug;
		};
		8E5EB1BD20470FD8002EFA44 /* Release */ = {
			isa = XCBuildConfiguration;
			baseConfigurationReference = B425BD53A276A948AE5DD6BD /* Pods-Milionerzy.release.xcconfig */;
			buildSettings = {
				ASSETCATALOG_COMPILER_APPICON_NAME = AppIcon;
				CODE_SIGN_STYLE = Automatic;
				DEVELOPMENT_TEAM = Z3FC4L557V;
				INFOPLIST_FILE = Milionerzy/Info.plist;
				LD_RUNPATH_SEARCH_PATHS = "$(inherited) @executable_path/Frameworks";
				PRODUCT_BUNDLE_IDENTIFIER = com.limitlessapps.Milionerzy;
				PRODUCT_NAME = "$(TARGET_NAME)";
				SWIFT_VERSION = 4.0;
				TARGETED_DEVICE_FAMILY = "1,2";
			};
			name = Release;
		};
/* End XCBuildConfiguration section */

/* Begin XCConfigurationList section */
		8E5EB1A120470FD8002EFA44 /* Build configuration list for PBXProject "Milionerzy" */ = {
			isa = XCConfigurationList;
			buildConfigurations = (
				8E5EB1B920470FD8002EFA44 /* Debug */,
				8E5EB1BA20470FD8002EFA44 /* Release */,
			);
			defaultConfigurationIsVisible = 0;
			defaultConfigurationName = Release;
		};
		8E5EB1BB20470FD8002EFA44 /* Build configuration list for PBXNativeTarget "Milionerzy" */ = {
			isa = XCConfigurationList;
			buildConfigurations = (
				8E5EB1BC20470FD8002EFA44 /* Debug */,
				8E5EB1BD20470FD8002EFA44 /* Release */,
			);
			defaultConfigurationIsVisible = 0;
			defaultConfigurationName = Release;
		};
/* End XCConfigurationList section */
	};
	rootObject = 8E5EB19E20470FD8002EFA44 /* Project object */;
}
